
Microsoft Visual Studio Solution File, Format Version 12.00
# Visual Studio Version 16
VisualStudioVersion = 16.0.30320.27
MinimumVisualStudioVersion = 10.0.40219.1
Project("{FAE04EC0-301F-11D3-BF4B-00C04F79EFBC}") = "Mango.StateMaschine", "Mango.StateMaschine\Mango.StateMaschine.csproj", "{38755859-1FE7-4A79-B2B7-4A6473CDE96A}"
EndProject
Global
	GlobalSection(SolutionConfigurationPlatforms) = preSolution
		Debug|Any CPU = Debug|Any CPU
		Release|Any CPU = Release|Any CPU
	EndGlobalSection
	GlobalSection(ProjectConfigurationPlatforms) = postSolution
		{38755859-1FE7-4A79-B2B7-4A6473CDE96A}.Debug|Any CPU.ActiveCfg = Debug|Any CPU
		{38755859-1FE7-4A79-B2B7-4A6473CDE96A}.Debug|Any CPU.Build.0 = Debug|Any CPU
		{38755859-1FE7-4A79-B2B7-4A6473CDE96A}.Release|Any CPU.ActiveCfg = Release|Any CPU
		{38755859-1FE7-4A79-B2B7-4A6473CDE96A}.Release|Any CPU.Build.0 = Release|Any CPU
	EndGlobalSection
	GlobalSection(SolutionProperties) = preSolution
		HideSolutionNode = FALSE
	EndGlobalSection
	GlobalSection(ExtensibilityGlobals) = postSolution
		SolutionGuid = {5B49C9A5-50CA-4821-9A98-C65B05BCDE99}
	EndGlobalSection
EndGlobal
